{
  "name": "Testcafe demo",
  "lockfileVersion": 2,
  "requires": true,
  "packages": {
    "": {
      "dependencies": {
        "testcafe-reporter-html": "^1.4.6"
      }
    },
    "node_modules/testcafe-reporter-html": {
      "version": "1.4.6",
      "resolved": "https://registry.npmjs.org/testcafe-reporter-html/-/testcafe-reporter-html-1.4.6.tgz",
      "integrity": "sha512-P3JNxLnl0UaL5hc3Cn4LYYioHgASF5PNTOS34Ym7ClOIU4CnPAe+JruruNvLA3Jf5ZHSd+ix57xAci/Y7mEDmw=="
    }
  },
  "dependencies": {
    "testcafe-reporter-html": {
      "version": "1.4.6",
      "resolved": "https://registry.npmjs.org/testcafe-reporter-html/-/testcafe-reporter-html-1.4.6.tgz",
      "integrity": "sha512-P3JNxLnl0UaL5hc3Cn4LYYioHgASF5PNTOS34Ym7ClOIU4CnPAe+JruruNvLA3Jf5ZHSd+ix57xAci/Y7mEDmw=="
    }
  }
}
